// !$*UTF8*$!
{
	archiveVersion = 1;
	classes = {
	};
	objectVersion = 46;
	objects = {

/* Begin PBXBuildFile section */
		B5D863CF190EABB0005657B4 /* Foundation.framework in Frameworks */ = {isa = PBXBuildFile; fileRef = B5D863CE190EABB0005657B4 /* Foundation.framework */; };
		B5D863D1190EABB0005657B4 /* CoreGraphics.framework in Frameworks */ = {isa = PBXBuildFile; fileRef = B5D863D0190EABB0005657B4 /* CoreGraphics.framework */; };
		B5D863D3190EABB0005657B4 /* UIKit.framework in Frameworks */ = {isa = PBXBuildFile; fileRef = B5D863D2190EABB0005657B4 /* UIKit.framework */; };
		B5D863D9190EABB0005657B4 /* InfoPlist.strings in Resources */ = {isa = PBXBuildFile; fileRef = B5D863D7190EABB0005657B4 /* InfoPlist.strings */; };
		B5D863DB190EABB0005657B4 /* main.m in Sources */ = {isa = PBXBuildFile; fileRef = B5D863DA190EABB0005657B4 /* main.m */; };
		B5D863DF190EABB0005657B4 /* KPAppDelegate.m in Sources */ = {isa = PBXBuildFile; fileRef = B5D863DE190EABB0005657B4 /* KPAppDelegate.m */; };
		B5D863E2190EABB0005657B4 /* Main_iPhone.storyboard in Resources */ = {isa = PBXBuildFile; fileRef = B5D863E0190EABB0005657B4 /* Main_iPhone.storyboard */; };
		B5D863E5190EABB0005657B4 /* Main_iPad.storyboard in Resources */ = {isa = PBXBuildFile; fileRef = B5D863E3190EABB0005657B4 /* Main_iPad.storyboard */; };
		B5D863E8190EABB0005657B4 /* KPViewController.m in Sources */ = {isa = PBXBuildFile; fileRef = B5D863E7190EABB0005657B4 /* KPViewController.m */; };
		B5D863EA190EABB0005657B4 /* Images.xcassets in Resources */ = {isa = PBXBuildFile; fileRef = B5D863E9190EABB0005657B4 /* Images.xcassets */; };
		B5D863F1190EABB0005657B4 /* XCTest.framework in Frameworks */ = {isa = PBXBuildFile; fileRef = B5D863F0190EABB0005657B4 /* XCTest.framework */; };
		B5D863F2190EABB0005657B4 /* Foundation.framework in Frameworks */ = {isa = PBXBuildFile; fileRef = B5D863CE190EABB0005657B4 /* Foundation.framework */; };
		B5D863F3190EABB0005657B4 /* UIKit.framework in Frameworks */ = {isa = PBXBuildFile; fileRef = B5D863D2190EABB0005657B4 /* UIKit.framework */; };
		B5D863FB190EABB0005657B4 /* InfoPlist.strings in Resources */ = {isa = PBXBuildFile; fileRef = B5D863F9190EABB0005657B4 /* InfoPlist.strings */; };
		B5D863FD190EABB0005657B4 /* BeaconTesterTests.m in Sources */ = {isa = PBXBuildFile; fileRef = B5D863FC190EABB0005657B4 /* BeaconTesterTests.m */; };
/* End PBXBuildFile section */

/* Begin PBXContainerItemProxy section */
		B5D863F4190EABB0005657B4 /* PBXContainerItemProxy */ = {
			isa = PBXContainerItemProxy;
			containerPortal = B5D863C3190EABB0005657B4 /* Project object */;
			proxyType = 1;
			remoteGlobalIDString = B5D863CA190EABB0005657B4;
			remoteInfo = BeaconTester;
		};
/* End PBXContainerItemProxy section */

/* Begin PBXFileReference section */
		B5D863CB190EABB0005657B4 /* BeaconTester.app */ = {isa = PBXFileReference; explicitFileType = wrapper.application; includeInIndex = 0; path = BeaconTester.app; sourceTree = BUILT_PRODUCTS_DIR; };
		B5D863CE190EABB0005657B4 /* Foundation.framework */ = {isa = PBXFileReference; lastKnownFileType = wrapper.framework; name = Foundation.framework; path = System/Library/Frameworks/Foundation.framework; sourceTree = SDKROOT; };
		B5D863D0190EABB0005657B4 /* CoreGraphics.framework */ = {isa = PBXFileReference; lastKnownFileType = wrapper.framework; name = CoreGraphics.framework; path = System/Library/Frameworks/CoreGraphics.framework; sourceTree = SDKROOT; };
		B5D863D2190EABB0005657B4 /* UIKit.framework */ = {isa = PBXFileReference; lastKnownFileType = wrapper.framework; name = UIKit.framework; path = System/Library/Frameworks/UIKit.framework; sourceTree = SDKROOT; };
		B5D863D6190EABB0005657B4 /* BeaconTester-Info.plist */ = {isa = PBXFileReference; lastKnownFileType = text.plist.xml; path = "BeaconTester-Info.plist"; sourceTree = "<group>"; };
		B5D863D8190EABB0005657B4 /* en */ = {isa = PBXFileReference; lastKnownFileType = text.plist.strings; name = en; path = en.lproj/InfoPlist.strings; sourceTree = "<group>"; };
		B5D863DA190EABB0005657B4 /* main.m */ = {isa = PBXFileReference; lastKnownFileType = sourcecode.c.objc; path = main.m; sourceTree = "<group>"; };
		B5D863DC190EABB0005657B4 /* BeaconTester-Prefix.pch */ = {isa = PBXFileReference; lastKnownFileType = sourcecode.c.h; path = "BeaconTester-Prefix.pch"; sourceTree = "<group>"; };
		B5D863DD190EABB0005657B4 /* KPAppDelegate.h */ = {isa = PBXFileReference; lastKnownFileType = sourcecode.c.h; path = KPAppDelegate.h; sourceTree = "<group>"; };
		B5D863DE190EABB0005657B4 /* KPAppDelegate.m */ = {isa = PBXFileReference; lastKnownFileType = sourcecode.c.objc; path = KPAppDelegate.m; sourceTree = "<group>"; };
		B5D863E1190EABB0005657B4 /* Base */ = {isa = PBXFileReference; lastKnownFileType = file.storyboard; name = Base; path = Base.lproj/Main_iPhone.storyboard; sourceTree = "<group>"; };
		B5D863E4190EABB0005657B4 /* Base */ = {isa = PBXFileReference; lastKnownFileType = file.storyboard; name = Base; path = Base.lproj/Main_iPad.storyboard; sourceTree = "<group>"; };
		B5D863E6190EABB0005657B4 /* KPViewController.h */ = {isa = PBXFileReference; lastKnownFileType = sourcecode.c.h; path = KPViewController.h; sourceTree = "<group>"; };
		B5D863E7190EABB0005657B4 /* KPViewController.m */ = {isa = PBXFileReference; lastKnownFileType = sourcecode.c.objc; path = KPViewController.m; sourceTree = "<group>"; };
		B5D863E9190EABB0005657B4 /* Images.xcassets */ = {isa = PBXFileReference; lastKnownFileType = folder.assetcatalog; path = Images.xcassets; sourceTree = "<group>"; };
		B5D863EF190EABB0005657B4 /* BeaconTesterTests.xctest */ = {isa = PBXFileReference; explicitFileType = wrapper.cfbundle; includeInIndex = 0; path = BeaconTesterTests.xctest; sourceTree = BUILT_PRODUCTS_DIR; };
		B5D863F0190EABB0005657B4 /* XCTest.framework */ = {isa = PBXFileReference; lastKnownFileType = wrapper.framework; name = XCTest.framework; path = Library/Frameworks/XCTest.framework; sourceTree = DEVELOPER_DIR; };
		B5D863F8190EABB0005657B4 /* BeaconTesterTests-Info.plist */ = {isa = PBXFileReference; lastKnownFileType = text.plist.xml; path = "BeaconTesterTests-Info.plist"; sourceTree = "<group>"; };
		B5D863FA190EABB0005657B4 /* en */ = {isa = PBXFileReference; lastKnownFileType = text.plist.strings; name = en; path = en.lproj/InfoPlist.strings; sourceTree = "<group>"; };
		B5D863FC190EABB0005657B4 /* BeaconTesterTests.m */ = {isa = PBXFileReference; lastKnownFileType = sourcecode.c.objc; path = BeaconTesterTests.m; sourceTree = "<group>"; };
/* End PBXFileReference section */

/* Begin PBXFrameworksBuildPhase section */
		B5D863C8190EABB0005657B4 /* Frameworks */ = {
			isa = PBXFrameworksBuildPhase;
			buildActionMask = 2147483647;
			files = (
				B5D863D1190EABB0005657B4 /* CoreGraphics.framework in Frameworks */,
				B5D863D3190EABB0005657B4 /* UIKit.framework in Frameworks */,
				B5D863CF190EABB0005657B4 /* Foundation.framework in Frameworks */,
			);
			runOnlyForDeploymentPostprocessing = 0;
		};
		B5D863EC190EABB0005657B4 /* Frameworks */ = {
			isa = PBXFrameworksBuildPhase;
			buildActionMask = 2147483647;
			files = (
				B5D863F1190EABB0005657B4 /* XCTest.framework in Frameworks */,
				B5D863F3190EABB0005657B4 /* UIKit.framework in Frameworks */,
				B5D863F2190EABB0005657B4 /* Foundation.framework in Frameworks */,
			);
			runOnlyForDeploymentPostprocessing = 0;
		};
/* End PBXFrameworksBuildPhase section */

/* Begin PBXGroup section */
		B5D863C2190EABB0005657B4 = {
			isa = PBXGroup;
			children = (
				B5D863D4190EABB0005657B4 /* BeaconTester */,
				B5D863F6190EABB0005657B4 /* BeaconTesterTests */,
				B5D863CD190EABB0005657B4 /* Frameworks */,
				B5D863CC190EABB0005657B4 /* Products */,
			);
			sourceTree = "<group>";
		};
		B5D863CC190EABB0005657B4 /* Products */ = {
			isa = PBXGroup;
			children = (
				B5D863CB190EABB0005657B4 /* BeaconTester.app */,
				B5D863EF190EABB0005657B4 /* BeaconTesterTests.xctest */,
			);
			name = Products;
			sourceTree = "<group>";
		};
		B5D863CD190EABB0005657B4 /* Frameworks */ = {
			isa = PBXGroup;
			children = (
				B5D863CE190EABB0005657B4 /* Foundation.framework */,
				B5D863D0190EABB0005657B4 /* CoreGraphics.framework */,
				B5D863D2190EABB0005657B4 /* UIKit.framework */,
				B5D863F0190EABB0005657B4 /* XCTest.framework */,
			);
			name = Frameworks;
			sourceTree = "<group>";
		};
		B5D863D4190EABB0005657B4 /* BeaconTester */ = {
			isa = PBXGroup;
			children = (
				B5D863DD190EABB0005657B4 /* KPAppDelegate.h */,
				B5D863DE190EABB0005657B4 /* KPAppDelegate.m */,
				B5D863E0190EABB0005657B4 /* Main_iPhone.storyboard */,
				B5D863E3190EABB0005657B4 /* Main_iPad.storyboard */,
				B5D863E6190EABB0005657B4 /* KPViewController.h */,
				B5D863E7190EABB0005657B4 /* KPViewController.m */,
				B5D863E9190EABB0005657B4 /* Images.xcassets */,
				B5D863D5190EABB0005657B4 /* Supporting Files */,
			);
			path = BeaconTester;
			sourceTree = "<group>";
		};
		B5D863D5190EABB0005657B4 /* Supporting Files */ = {
			isa = PBXGroup;
			children = (
				B5D863D6190EABB0005657B4 /* BeaconTester-Info.plist */,
				B5D863D7190EABB0005657B4 /* InfoPlist.strings */,
				B5D863DA190EABB0005657B4 /* main.m */,
				B5D863DC190EABB0005657B4 /* BeaconTester-Prefix.pch */,
			);
			name = "Supporting Files";
			sourceTree = "<group>";
		};
		B5D863F6190EABB0005657B4 /* BeaconTesterTests */ = {
			isa = PBXGroup;
			children = (
				B5D863FC190EABB0005657B4 /* BeaconTesterTests.m */,
				B5D863F7190EABB0005657B4 /* Supporting Files */,
			);
			path = BeaconTesterTests;
			sourceTree = "<group>";
		};
		B5D863F7190EABB0005657B4 /* Supporting Files */ = {
			isa = PBXGroup;
			children = (
				B5D863F8190EABB0005657B4 /* BeaconTesterTests-Info.plist */,
				B5D863F9190EABB0005657B4 /* InfoPlist.strings */,
			);
			name = "Supporting Files";
			sourceTree = "<group>";
		};
/* End PBXGroup section */

/* Begin PBXNativeTarget section */
		B5D863CA190EABB0005657B4 /* BeaconTester */ = {
			isa = PBXNativeTarget;
			buildConfigurationList = B5D86400190EABB0005657B4 /* Build configuration list for PBXNativeTarget "BeaconTester" */;
			buildPhases = (
				B5D863C7190EABB0005657B4 /* Sources */,
				B5D863C8190EABB0005657B4 /* Frameworks */,
				B5D863C9190EABB0005657B4 /* Resources */,
			);
			buildRules = (
			);
			dependencies = (
			);
			name = BeaconTester;
			productName = BeaconTester;
			productReference = B5D863CB190EABB0005657B4 /* BeaconTester.app */;
			productType = "com.apple.product-type.application";
		};
		B5D863EE190EABB0005657B4 /* BeaconTesterTests */ = {
			isa = PBXNativeTarget;
			buildConfigurationList = B5D86403190EABB0005657B4 /* Build configuration list for PBXNativeTarget "BeaconTesterTests" */;
			buildPhases = (
				B5D863EB190EABB0005657B4 /* Sources */,
				B5D863EC190EABB0005657B4 /* Frameworks */,
				B5D863ED190EABB0005657B4 /* Resources */,
			);
			buildRules = (
			);
			dependencies = (
				B5D863F5190EABB0005657B4 /* PBXTargetDependency */,
			);
			name = BeaconTesterTests;
			productName = BeaconTesterTests;
			productReference = B5D863EF190EABB0005657B4 /* BeaconTesterTests.xctest */;
			productType = "com.apple.product-type.bundle.unit-test";
		};
/* End PBXNativeTarget section */

/* Begin PBXProject section */
		B5D863C3190EABB0005657B4 /* Project object */ = {
			isa = PBXProject;
			attributes = {
				CLASSPREFIX = KP;
				LastUpgradeCheck = 0510;
				ORGANIZATIONNAME = "Kaiser Permanente";
				TargetAttributes = {
					B5D863EE190EABB0005657B4 = {
						TestTargetID = B5D863CA190EABB0005657B4;
					};
				};
			};
			buildConfigurationList = B5D863C6190EABB0005657B4 /* Build configuration list for PBXProject "BeaconTester" */;
			compatibilityVersion = "Xcode 3.2";
			developmentRegion = English;
			hasScannedForEncodings = 0;
			knownRegions = (
				en,
				Base,
			);
			mainGroup = B5D863C2190EABB0005657B4;
			productRefGroup = B5D863CC190EABB0005657B4 /* Products */;
			projectDirPath = "";
			projectRoot = "";
			targets = (
				B5D863CA190EABB0005657B4 /* BeaconTester */,
				B5D863EE190EABB0005657B4 /* BeaconTesterTests */,
			);
		};
/* End PBXProject section */

/* Begin PBXResourcesBuildPhase section */
		B5D863C9190EABB0005657B4 /* Resources */ = {
			isa = PBXResourcesBuildPhase;
			buildActionMask = 2147483647;
			files = (
				B5D863E5190EABB0005657B4 /* Main_iPad.storyboard in Resources */,
				B5D863EA190EABB0005657B4 /* Images.xcassets in Resources */,
				B5D863E2190EABB0005657B4 /* Main_iPhone.storyboard in Resources */,
				B5D863D9190EABB0005657B4 /* InfoPlist.strings in Resources */,
			);
			runOnlyForDeploymentPostprocessing = 0;
		};
		B5D863ED190EABB0005657B4 /* Resources */ = {
			isa = PBXResourcesBuildPhase;
			buildActionMask = 2147483647;
			files = (
				B5D863FB190EABB0005657B4 /* InfoPlist.strings in Resources */,
			);
			runOnlyForDeploymentPostprocessing = 0;
		};
/* End PBXResourcesBuildPhase section */

/* Begin PBXSourcesBuildPhase section */
		B5D863C7190EABB0005657B4 /* Sources */ = {
			isa = PBXSourcesBuildPhase;
			buildActionMask = 2147483647;
			files = (
				B5D863E8190EABB0005657B4 /* KPViewController.m in Sources */,
				B5D863DB190EABB0005657B4 /* main.m in Sources */,
				B5D863DF190EABB0005657B4 /* KPAppDelegate.m in Sources */,
			);
			runOnlyForDeploymentPostprocessing = 0;
		};
		B5D863EB190EABB0005657B4 /* Sources */ = {
			isa = PBXSourcesBuildPhase;
			buildActionMask = 2147483647;
			files = (
				B5D863FD190EABB0005657B4 /* BeaconTesterTests.m in Sources */,
			);
			runOnlyForDeploymentPostprocessing = 0;
		};
/* End PBXSourcesBuildPhase section */

/* Begin PBXTargetDependency section */
		B5D863F5190EABB0005657B4 /* PBXTargetDependency */ = {
			isa = PBXTargetDependency;
			target = B5D863CA190EABB0005657B4 /* BeaconTester */;
			targetProxy = B5D863F4190EABB0005657B4 /* PBXContainerItemProxy */;
		};
/* End PBXTargetDependency section */

/* Begin PBXVariantGroup section */
		B5D863D7190EABB0005657B4 /* InfoPlist.strings */ = {
			isa = PBXVariantGroup;
			children = (
				B5D863D8190EABB0005657B4 /* en */,
			);
			name = InfoPlist.strings;
			sourceTree = "<group>";
		};
		B5D863E0190EABB0005657B4 /* Main_iPhone.storyboard */ = {
			isa = PBXVariantGroup;
			children = (
				B5D863E1190EABB0005657B4 /* Base */,
			);
			name = Main_iPhone.storyboard;
			sourceTree = "<group>";
		};
		B5D863E3190EABB0005657B4 /* Main_iPad.storyboard */ = {
			isa = PBXVariantGroup;
			children = (
				B5D863E4190EABB0005657B4 /* Base */,
			);
			name = Main_iPad.storyboard;
			sourceTree = "<group>";
		};
		B5D863F9190EABB0005657B4 /* InfoPlist.strings */ = {
			isa = PBXVariantGroup;
			children = (
				B5D863FA190EABB0005657B4 /* en */,
			);
			name = InfoPlist.strings;
			sourceTree = "<group>";
		};
/* End PBXVariantGroup section */

/* Begin XCBuildConfiguration section */
		B5D863FE190EABB0005657B4 /* Debug */ = {
			isa = XCBuildConfiguration;
			buildSettings = {
				ALWAYS_SEARCH_USER_PATHS = NO;
				CLANG_CXX_LANGUAGE_STANDARD = "gnu++0x";
				CLANG_CXX_LIBRARY = "libc++";
				CLANG_ENABLE_MODULES = YES;
				CLANG_ENABLE_OBJC_ARC = YES;
				CLANG_WARN_BOOL_CONVERSION = YES;
				CLANG_WARN_CONSTANT_CONVERSION = YES;
				CLANG_WARN_DIRECT_OBJC_ISA_USAGE = YES_ERROR;
				CLANG_WARN_EMPTY_BODY = YES;
				CLANG_WARN_ENUM_CONVERSION = YES;
				CLANG_WARN_INT_CONVERSION = YES;
				CLANG_WARN_OBJC_ROOT_CLASS = YES_ERROR;
				CLANG_WARN__DUPLICATE_METHOD_MATCH = YES;
				"CODE_SIGN_IDENTITY[sdk=iphoneos*]" = "iPhone Developer";
				COPY_PHASE_STRIP = NO;
				GCC_C_LANGUAGE_STANDARD = gnu99;
				GCC_DYNAMIC_NO_PIC = NO;
				GCC_OPTIMIZATION_LEVEL = 0;
				GCC_PREPROCESSOR_DEFINITIONS = (
					"DEBUG=1",
					"$(inherited)",
				);
				GCC_SYMBOLS_PRIVATE_EXTERN = NO;
				GCC_WARN_64_TO_32_BIT_CONVERSION = YES;
				GCC_WARN_ABOUT_RETURN_TYPE = YES_ERROR;
				GCC_WARN_UNDECLARED_SELECTOR = YES;
				GCC_WARN_UNINITIALIZED_AUTOS = YES_AGGRESSIVE;
				GCC_WARN_UNUSED_FUNCTION = YES;
				GCC_WARN_UNUSED_VARIABLE = YES;
				IPHONEOS_DEPLOYMENT_TARGET = 7.1;
				ONLY_ACTIVE_ARCH = YES;
				SDKROOT = iphoneos;
				TARGETED_DEVICE_FAMILY = "1,2";
			};
			name = Debug;
		};
		B5D863FF190EABB0005657B4 /* Release */ = {
			isa = XCBuildConfiguration;
			buildSettings = {
				ALWAYS_SEARCH_USER_PATHS = NO;
				CLANG_CXX_LANGUAGE_STANDARD = "gnu++0x";
				CLANG_CXX_LIBRARY = "libc++";
				CLANG_ENABLE_MODULES = YES;
				CLANG_ENABLE_OBJC_ARC = YES;
				CLANG_WARN_BOOL_CONVERSION = YES;
				CLANG_WARN_CONSTANT_CONVERSION = YES;
				CLANG_WARN_DIRECT_OBJC_ISA_USAGE = YES_ERROR;
				CLANG_WARN_EMPTY_BODY = YES;
				CLANG_WARN_ENUM_CONVERSION = YES;
				CLANG_WARN_INT_CONVERSION = YES;
				CLANG_WARN_OBJC_ROOT_CLASS = YES_ERROR;
				CLANG_WARN__DUPLICATE_METHOD_MATCH = YES;
				"CODE_SIGN_IDENTITY[sdk=iphoneos*]" = "iPhone Developer";
				COPY_PHASE_STRIP = YES;
				ENABLE_NS_ASSERTIONS = NO;
				GCC_C_LANGUAGE_STANDARD = gnu99;
				GCC_WARN_64_TO_32_BIT_CONVERSION = YES;
				GCC_WARN_ABOUT_RETURN_TYPE = YES_ERROR;
				GCC_WARN_UNDECLARED_SELECTOR = YES;
				GCC_WARN_UNINITIALIZED_AUTOS = YES_AGGRESSIVE;
				GCC_WARN_UNUSED_FUNCTION = YES;
				GCC_WARN_UNUSED_VARIABLE = YES;
				IPHONEOS_DEPLOYMENT_TARGET = 7.1;
				SDKROOT = iphoneos;
				TARGETED_DEVICE_FAMILY = "1,2";
				VALIDATE_PRODUCT = YES;
			};
			name = Release;
		};
		B5D86401190EABB0005657B4 /* Debug */ = {
			isa = XCBuildConfiguration;
			buildSettings = {
				ASSETCATALOG_COMPILER_APPICON_NAME = AppIcon;
				ASSETCATALOG_COMPILER_LAUNCHIMAGE_NAME = LaunchImage;
				GCC_PRECOMPILE_PREFIX_HEADER = YES;
				GCC_PREFIX_HEADER = "BeaconTester/BeaconTester-Prefix.pch";
				INFOPLIST_FILE = "BeaconTester/BeaconTester-Info.plist";
				PRODUCT_NAME = "$(TARGET_NAME)";
				WRAPPER_EXTENSION = app;
			};
			name = Debug;
		};
		B5D86402190EABB0005657B4 /* Release */ = {
			isa = XCBuildConfiguration;
			buildSettings = {
				ASSETCATALOG_COMPILER_APPICON_NAME = AppIcon;
				ASSETCATALOG_COMPILER_LAUNCHIMAGE_NAME = LaunchImage;
				GCC_PRECOMPILE_PREFIX_HEADER = YES;
				GCC_PREFIX_HEADER = "BeaconTester/BeaconTester-Prefix.pch";
				INFOPLIST_FILE = "BeaconTester/BeaconTester-Info.plist";
				PRODUCT_NAME = "$(TARGET_NAME)";
				WRAPPER_EXTENSION = app;
			};
			name = Release;
		};
		B5D86404190EABB0005657B4 /* Debug */ = {
			isa = XCBuildConfiguration;
			buildSettings = {
				BUNDLE_LOADER = "$(BUILT_PRODUCTS_DIR)/BeaconTester.app/BeaconTester";
				FRAMEWORK_SEARCH_PATHS = (
					"$(SDKROOT)/Developer/Library/Frameworks",
					"$(inherited)",
					"$(DEVELOPER_FRAMEWORKS_DIR)",
				);
				GCC_PRECOMPILE_PREFIX_HEADER = YES;
				GCC_PREFIX_HEADER = "BeaconTester/BeaconTester-Prefix.pch";
				GCC_PREPROCESSOR_DEFINITIONS = (
					"DEBUG=1",
					"$(inherited)",
				);
				INFOPLIST_FILE = "BeaconTesterTests/BeaconTesterTests-Info.plist";
				PRODUCT_NAME = "$(TARGET_NAME)";
				TEST_HOST = "$(BUNDLE_LOADER)";
				WRAPPER_EXTENSION = xctest;
			};
			name = Debug;
		};
		B5D86405190EABB0005657B4 /* Release */ = {
			isa = XCBuildConfiguration;
			buildSettings = {
				BUNDLE_LOADER = "$(BUILT_PRODUCTS_DIR)/BeaconTester.app/BeaconTester";
				FRAMEWORK_SEARCH_PATHS = (
					"$(SDKROOT)/Developer/Library/Frameworks",
					"$(inherited)",
					"$(DEVELOPER_FRAMEWORKS_DIR)",
				);
				GCC_PRECOMPILE_PREFIX_HEADER = YES;
				GCC_PREFIX_HEADER = "BeaconTester/BeaconTester-Prefix.pch";
				INFOPLIST_FILE = "BeaconTesterTests/BeaconTesterTests-Info.plist";
				PRODUCT_NAME = "$(TARGET_NAME)";
				TEST_HOST = "$(BUNDLE_LOADER)";
				WRAPPER_EXTENSION = xctest;
			};
			name = Release;
		};
/* End XCBuildConfiguration section */

/* Begin XCConfigurationList section */
		B5D863C6190EABB0005657B4 /* Build configuration list for PBXProject "BeaconTester" */ = {
			isa = XCConfigurationList;
			buildConfigurations = (
				B5D863FE190EABB0005657B4 /* Debug */,
				B5D863FF190EABB0005657B4 /* Release */,
			);
			defaultConfigurationIsVisible = 0;
			defaultConfigurationName = Release;
		};
		B5D86400190EABB0005657B4 /* Build configuration list for PBXNativeTarget "BeaconTester" */ = {
			isa = XCConfigurationList;
			buildConfigurations = (
				B5D86401190EABB0005657B4 /* Debug */,
				B5D86402190EABB0005657B4 /* Release */,
			);
			defaultConfigurationIsVisible = 0;
		};
		B5D86403190EABB0005657B4 /* Build configuration list for PBXNativeTarget "BeaconTesterTests" */ = {
			isa = XCConfigurationList;
			buildConfigurations = (
				B5D86404190EABB0005657B4 /* Debug */,
				B5D86405190EABB0005657B4 /* Release */,
			);
			defaultConfigurationIsVisible = 0;
		};
/* End XCConfigurationList section */
	};
	rootObject = B5D863C3190EABB0005657B4 /* Project object */;
}
